
Microsoft Visual Studio Solution File, Format Version 12.00
# Visual Studio Version 17
VisualStudioVersion = 17.5.33516.290
MinimumVisualStudioVersion = 10.0.40219.1
Project("{FAE04EC0-301F-11D3-BF4B-00C04F79EFBC}") = "pixel-canvas-server", "pixel-canvas-server\pixel-canvas-server.csproj", "{7467F6CD-DF85-448E-962C-7B3DBF9BD612}"
EndProject
Global
	GlobalSection(SolutionConfigurationPlatforms) = preSolution
		Debug|Any CPU = Debug|Any CPU
		Release|Any CPU = Release|Any CPU
	EndGlobalSection
	GlobalSection(ProjectConfigurationPlatforms) = postSolution
		{7467F6CD-DF85-448E-962C-7B3DBF9BD612}.Debug|Any CPU.ActiveCfg = Debug|Any CPU
		{7467F6CD-DF85-448E-962C-7B3DBF9BD612}.Debug|Any CPU.Build.0 = Debug|Any CPU
		{7467F6CD-DF85-448E-962C-7B3DBF9BD612}.Release|Any CPU.ActiveCfg = Release|Any CPU
		{7467F6CD-DF85-448E-962C-7B3DBF9BD612}.Release|Any CPU.Build.0 = Release|Any CPU
	EndGlobalSection
	GlobalSection(SolutionProperties) = preSolution
		HideSolutionNode = FALSE
	EndGlobalSection
	GlobalSection(ExtensibilityGlobals) = postSolution
		SolutionGuid = {F811B44A-B262-442A-BDD1-CDB3B6798450}
	EndGlobalSection
EndGlobal
